
Microsoft Visual Studio Solution File, Format Version 12.00
# Visual Studio Version 16
VisualStudioVersion = 16.0.30114.105
MinimumVisualStudioVersion = 10.0.40219.1
Project("{FAE04EC0-301F-11D3-BF4B-00C04F79EFBC}") = "HourGlass_2DArrays", "HourGlass_2DArrays.csproj", "{56FCA4F6-578B-47C1-BB0E-EC613A7B886B}"
EndProject
Global
	GlobalSection(SolutionConfigurationPlatforms) = preSolution
		Debug|Any CPU = Debug|Any CPU
		Release|Any CPU = Release|Any CPU
	EndGlobalSection
	GlobalSection(ProjectConfigurationPlatforms) = postSolution
		{56FCA4F6-578B-47C1-BB0E-EC613A7B886B}.Debug|Any CPU.ActiveCfg = Debug|Any CPU
		{56FCA4F6-578B-47C1-BB0E-EC613A7B886B}.Debug|Any CPU.Build.0 = Debug|Any CPU
		{56FCA4F6-578B-47C1-BB0E-EC613A7B886B}.Release|Any CPU.ActiveCfg = Release|Any CPU
		{56FCA4F6-578B-47C1-BB0E-EC613A7B886B}.Release|Any CPU.Build.0 = Release|Any CPU
	EndGlobalSection
	GlobalSection(SolutionProperties) = preSolution
		HideSolutionNode = FALSE
	EndGlobalSection
	GlobalSection(ExtensibilityGlobals) = postSolution
		SolutionGuid = {391B8083-1CF7-49FF-AF81-9F3666F46D68}
	EndGlobalSection
EndGlobal
